
Microsoft Visual Studio Solution File, Format Version 12.00
# Visual Studio Version 16
VisualStudioVersion = 16.0.29806.167
MinimumVisualStudioVersion = 10.0.40219.1
Project("{8BC9CEB8-8B4A-11D0-8D11-00A0C91BC942}") = "DailyProgrammersCoding", "DailyProgrammersCoding\DailyProgrammersCoding.vcxproj", "{21D273F6-A29D-49AF-AC08-B1AF8C6018FC}"
EndProject
Project("{8BC9CEB8-8B4A-11D0-8D11-00A0C91BC942}") = "Hash_Programmers", "Hash_Programmers\Hash_Programmers.vcxproj", "{97C1F423-BB1A-4D9D-BE01-1D730F6B2BD8}"
EndProject
Project("{8BC9CEB8-8B4A-11D0-8D11-00A0C91BC942}") = "Graph_Programmers", "Graph_programmers\Graph_programmers.vcxproj", "{F447E8EB-DFEE-4DD2-AA11-45E5AFED90A4}"
EndProject
Project("{8BC9CEB8-8B4A-11D0-8D11-00A0C91BC942}") = "StackQueue_Programmers", "StackQueue_Programmers\StackQueue_Programmers.vcxproj", "{87EAD18E-125D-4BCA-87C3-40ED89014A4D}"
EndProject
Project("{8BC9CEB8-8B4A-11D0-8D11-00A0C91BC942}") = "DFSBFS_Programmers", "DFSBFS_programmers\DFSBFS_programmers.vcxproj", "{02D19AF3-14EC-4672-AAB7-328ED51569E6}"
EndProject
Project("{8BC9CEB8-8B4A-11D0-8D11-00A0C91BC942}") = "Greedy_Programmers", "Greedy_Programmers\Greedy_Programmers.vcxproj", "{5E6E7855-B089-45F2-BDB4-9CF3779EDB1C}"
EndProject
Project("{8BC9CEB8-8B4A-11D0-8D11-00A0C91BC942}") = "Heap_Programmers", "Heap_Programmers\Heap_Programmers.vcxproj", "{5F1081C0-7680-48B9-9101-ADA59B848686}"
EndProject
Project("{8BC9CEB8-8B4A-11D0-8D11-00A0C91BC942}") = "DP_Programmers", "DP_Programmers\DP_Programmers.vcxproj", "{10D3ED97-05C4-4A61-A11F-74DB59189885}"
EndProject
Global
	GlobalSection(SolutionConfigurationPlatforms) = preSolution
		Debug|x64 = Debug|x64
		Debug|x86 = Debug|x86
		Release|x64 = Release|x64
		Release|x86 = Release|x86
	EndGlobalSection
	GlobalSection(ProjectConfigurationPlatforms) = postSolution
		{21D273F6-A29D-49AF-AC08-B1AF8C6018FC}.Debug|x64.ActiveCfg = Debug|x64
		{21D273F6-A29D-49AF-AC08-B1AF8C6018FC}.Debug|x64.Build.0 = Debug|x64
		{21D273F6-A29D-49AF-AC08-B1AF8C6018FC}.Debug|x86.ActiveCfg = Debug|Win32
		{21D273F6-A29D-49AF-AC08-B1AF8C6018FC}.Debug|x86.Build.0 = Debug|Win32
		{21D273F6-A29D-49AF-AC08-B1AF8C6018FC}.Release|x64.ActiveCfg = Release|x64
		{21D273F6-A29D-49AF-AC08-B1AF8C6018FC}.Release|x64.Build.0 = Release|x64
		{21D273F6-A29D-49AF-AC08-B1AF8C6018FC}.Release|x86.ActiveCfg = Release|Win32
		{21D273F6-A29D-49AF-AC08-B1AF8C6018FC}.Release|x86.Build.0 = Release|Win32
		{97C1F423-BB1A-4D9D-BE01-1D730F6B2BD8}.Debug|x64.ActiveCfg = Debug|x64
		{97C1F423-BB1A-4D9D-BE01-1D730F6B2BD8}.Debug|x64.Build.0 = Debug|x64
		{97C1F423-BB1A-4D9D-BE01-1D730F6B2BD8}.Debug|x86.ActiveCfg = Debug|Win32
		{97C1F423-BB1A-4D9D-BE01-1D730F6B2BD8}.Debug|x86.Build.0 = Debug|Win32
		{97C1F423-BB1A-4D9D-BE01-1D730F6B2BD8}.Release|x64.ActiveCfg = Release|x64
		{97C1F423-BB1A-4D9D-BE01-1D730F6B2BD8}.Release|x64.Build.0 = Release|x64
		{97C1F423-BB1A-4D9D-BE01-1D730F6B2BD8}.Release|x86.ActiveCfg = Release|Win32
		{97C1F423-BB1A-4D9D-BE01-1D730F6B2BD8}.Release|x86.Build.0 = Release|Win32
		{F447E8EB-DFEE-4DD2-AA11-45E5AFED90A4}.Debug|x64.ActiveCfg = Debug|x64
		{F447E8EB-DFEE-4DD2-AA11-45E5AFED90A4}.Debug|x64.Build.0 = Debug|x64
		{F447E8EB-DFEE-4DD2-AA11-45E5AFED90A4}.Debug|x86.ActiveCfg = Debug|Win32
		{F447E8EB-DFEE-4DD2-AA11-45E5AFED90A4}.Debug|x86.Build.0 = Debug|Win32
		{F447E8EB-DFEE-4DD2-AA11-45E5AFED90A4}.Release|x64.ActiveCfg = Release|x64
		{F447E8EB-DFEE-4DD2-AA11-45E5AFED90A4}.Release|x64.Build.0 = Release|x64
		{F447E8EB-DFEE-4DD2-AA11-45E5AFED90A4}.Release|x86.ActiveCfg = Release|Win32
		{F447E8EB-DFEE-4DD2-AA11-45E5AFED90A4}.Release|x86.Build.0 = Release|Win32
		{87EAD18E-125D-4BCA-87C3-40ED89014A4D}.Debug|x64.ActiveCfg = Debug|x64
		{87EAD18E-125D-4BCA-87C3-40ED89014A4D}.Debug|x64.Build.0 = Debug|x64
		{87EAD18E-125D-4BCA-87C3-40ED89014A4D}.Debug|x86.ActiveCfg = Debug|Win32
		{87EAD18E-125D-4BCA-87C3-40ED89014A4D}.Debug|x86.Build.0 = Debug|Win32
		{87EAD18E-125D-4BCA-87C3-40ED89014A4D}.Release|x64.ActiveCfg = Release|x64
		{87EAD18E-125D-4BCA-87C3-40ED89014A4D}.Release|x64.Build.0 = Release|x64
		{87EAD18E-125D-4BCA-87C3-40ED89014A4D}.Release|x86.ActiveCfg = Release|Win32
		{87EAD18E-125D-4BCA-87C3-40ED89014A4D}.Release|x86.Build.0 = Release|Win32
		{02D19AF3-14EC-4672-AAB7-328ED51569E6}.Debug|x64.ActiveCfg = Debug|x64
		{02D19AF3-14EC-4672-AAB7-328ED51569E6}.Debug|x64.Build.0 = Debug|x64
		{02D19AF3-14EC-4672-AAB7-328ED51569E6}.Debug|x86.ActiveCfg = Debug|Win32
		{02D19AF3-14EC-4672-AAB7-328ED51569E6}.Debug|x86.Build.0 = Debug|Win32
		{02D19AF3-14EC-4672-AAB7-328ED51569E6}.Release|x64.ActiveCfg = Release|x64
		{02D19AF3-14EC-4672-AAB7-328ED51569E6}.Release|x64.Build.0 = Release|x64
		{02D19AF3-14EC-4672-AAB7-328ED51569E6}.Release|x86.ActiveCfg = Release|Win32
		{02D19AF3-14EC-4672-AAB7-328ED51569E6}.Release|x86.Build.0 = Release|Win32
		{5E6E7855-B089-45F2-BDB4-9CF3779EDB1C}.Debug|x64.ActiveCfg = Debug|x64
		{5E6E7855-B089-45F2-BDB4-9CF3779EDB1C}.Debug|x64.Build.0 = Debug|x64
		{5E6E7855-B089-45F2-BDB4-9CF3779EDB1C}.Debug|x86.ActiveCfg = Debug|Win32
		{5E6E7855-B089-45F2-BDB4-9CF3779EDB1C}.Debug|x86.Build.0 = Debug|Win32
		{5E6E7855-B089-45F2-BDB4-9CF3779EDB1C}.Release|x64.ActiveCfg = Release|x64
		{5E6E7855-B089-45F2-BDB4-9CF3779EDB1C}.Release|x64.Build.0 = Release|x64
		{5E6E7855-B089-45F2-BDB4-9CF3779EDB1C}.Release|x86.ActiveCfg = Release|Win32
		{5E6E7855-B089-45F2-BDB4-9CF3779EDB1C}.Release|x86.Build.0 = Release|Win32
		{5F1081C0-7680-48B9-9101-ADA59B848686}.Debug|x64.ActiveCfg = Debug|x64
		{5F1081C0-7680-48B9-9101-ADA59B848686}.Debug|x64.Build.0 = Debug|x64
		{5F1081C0-7680-48B9-9101-ADA59B848686}.Debug|x86.ActiveCfg = Debug|Win32
		{5F1081C0-7680-48B9-9101-ADA59B848686}.Debug|x86.Build.0 = Debug|Win32
		{5F1081C0-7680-48B9-9101-ADA59B848686}.Release|x64.ActiveCfg = Release|x64
		{5F1081C0-7680-48B9-9101-ADA59B848686}.Release|x64.Build.0 = Release|x64
		{5F1081C0-7680-48B9-9101-ADA59B848686}.Release|x86.ActiveCfg = Release|Win32
		{5F1081C0-7680-48B9-9101-ADA59B848686}.Release|x86.Build.0 = Release|Win32
		{10D3ED97-05C4-4A61-A11F-74DB59189885}.Debug|x64.ActiveCfg = Debug|x64
		{10D3ED97-05C4-4A61-A11F-74DB59189885}.Debug|x64.Build.0 = Debug|x64
		{10D3ED97-05C4-4A61-A11F-74DB59189885}.Debug|x86.ActiveCfg = Debug|Win32
		{10D3ED97-05C4-4A61-A11F-74DB59189885}.Debug|x86.Build.0 = Debug|Win32
		{10D3ED97-05C4-4A61-A11F-74DB59189885}.Release|x64.ActiveCfg = Release|x64
		{10D3ED97-05C4-4A61-A11F-74DB59189885}.Release|x64.Build.0 = Release|x64
		{10D3ED97-05C4-4A61-A11F-74DB59189885}.Release|x86.ActiveCfg = Release|Win32
		{10D3ED97-05C4-4A61-A11F-74DB59189885}.Release|x86.Build.0 = Release|Win32
	EndGlobalSection
	GlobalSection(SolutionProperties) = preSolution
		HideSolutionNode = FALSE
	EndGlobalSection
	GlobalSection(ExtensibilityGlobals) = postSolution
		SolutionGuid = {B2723D7D-9C0C-48AA-8C04-290579C1C68E}
	EndGlobalSection
EndGlobal
